// !$*UTF8*$!
{
	archiveVersion = 1;
	classes = {
	};
	objectVersion = 56;
	objects = {

/* Begin PBXBuildFile section */
		5733D4262916277A00F2CC56 /* weddingApp.swift in Sources */ = {isa = PBXBuildFile; fileRef = 5733D4252916277A00F2CC56 /* weddingApp.swift */; };
		5733D42A2916277C00F2CC56 /* Assets.xcassets in Resources */ = {isa = PBXBuildFile; fileRef = 5733D4292916277C00F2CC56 /* Assets.xcassets */; };
		5733D42D2916277C00F2CC56 /* Preview Assets.xcassets in Resources */ = {isa = PBXBuildFile; fileRef = 5733D42C2916277C00F2CC56 /* Preview Assets.xcassets */; };
		5733D43A29162AF500F2CC56 /* CustomSceneView.swift in Sources */ = {isa = PBXBuildFile; fileRef = 5733D43929162AF500F2CC56 /* CustomSceneView.swift */; };
		5734F176291BBBE50009C462 /* LoginView.swift in Sources */ = {isa = PBXBuildFile; fileRef = 5734F175291BBBE50009C462 /* LoginView.swift */; };
		5734F178291BBC720009C462 /* DetailsView.swift in Sources */ = {isa = PBXBuildFile; fileRef = 5734F177291BBC720009C462 /* DetailsView.swift */; };
		576BB8D1292297B600B6E3A3 /* SettingsView.swift in Sources */ = {isa = PBXBuildFile; fileRef = 576BB8D0292297B600B6E3A3 /* SettingsView.swift */; };
		578EEDC92928AAA400A16331 /* PrimaryNavigationView.swift in Sources */ = {isa = PBXBuildFile; fileRef = 578EEDC82928AAA400A16331 /* PrimaryNavigationView.swift */; };
		5B30177E2938F9A800715924 /* AnimatedSplashScreen.swift in Sources */ = {isa = PBXBuildFile; fileRef = 5B30177D2938F9A800715924 /* AnimatedSplashScreen.swift */; };
		5B3017812938F9E900715924 /* ContentView.swift in Sources */ = {isa = PBXBuildFile; fileRef = 5B3017802938F9E900715924 /* ContentView.swift */; };
		5B3017832938FA1000715924 /* Extensions.swift in Sources */ = {isa = PBXBuildFile; fileRef = 5B3017822938FA1000715924 /* Extensions.swift */; };
		5B7884472918FB0B00CB53B7 /* weddingappicon.png in Resources */ = {isa = PBXBuildFile; fileRef = 5B7884462918FB0B00CB53B7 /* weddingappicon.png */; };
		5BB0AD99293FA10A00FC146C /* AppSidebarNavigation.swift in Sources */ = {isa = PBXBuildFile; fileRef = 5BB0AD98293FA10A00FC146C /* AppSidebarNavigation.swift */; };
		5BB0AD9B293FA12200FC146C /* NavigationView.swift in Sources */ = {isa = PBXBuildFile; fileRef = 5BB0AD9A293FA12200FC146C /* NavigationView.swift */; };
		5BB0ADA2293FABCD00FC146C /* RSVPview.swift in Sources */ = {isa = PBXBuildFile; fileRef = 5BB0ADA1293FABCD00FC146C /* RSVPview.swift */; };
		5BB9BD47293BE29500818C58 /* Gistesy.ttf in Resources */ = {isa = PBXBuildFile; fileRef = 5BB9BD46293BE29500818C58 /* Gistesy.ttf */; };
		5BF3CD4F2940C0A4003A801C /* CustomTabBar.swift in Sources */ = {isa = PBXBuildFile; fileRef = 5BF3CD4E2940C0A4003A801C /* CustomTabBar.swift */; };
		5BF3CD562940C720003A801C /* RootView.swift in Sources */ = {isa = PBXBuildFile; fileRef = 5BF3CD552940C720003A801C /* RootView.swift */; };
		974A05CA2932BD450040785A /* Wedding_Ring.scn in Resources */ = {isa = PBXBuildFile; fileRef = 974A05C22932BD440040785A /* Wedding_Ring.scn */; };
		974A05CE2932BD450040785A /* Engagement_Ring.scn in Resources */ = {isa = PBXBuildFile; fileRef = 974A05C62932BD450040785A /* Engagement_Ring.scn */; };
		974A05D22932BEB50040785A /* Engagement_Ring_View.swift in Sources */ = {isa = PBXBuildFile; fileRef = 974A05D12932BEB50040785A /* Engagement_Ring_View.swift */; };
		974A05D42932BF540040785A /* Wedding_Ring_View.swift in Sources */ = {isa = PBXBuildFile; fileRef = 974A05D32932BF540040785A /* Wedding_Ring_View.swift */; };
		9768DC1D29335D0500CB9E7D /* PhotoView.swift in Sources */ = {isa = PBXBuildFile; fileRef = 9768DC1C29335D0500CB9E7D /* PhotoView.swift */; };
/* End PBXBuildFile section */

/* Begin PBXFileReference section */
		5733D4222916277A00F2CC56 /* wedding.app */ = {isa = PBXFileReference; explicitFileType = wrapper.application; includeInIndex = 0; path = wedding.app; sourceTree = BUILT_PRODUCTS_DIR; };
		5733D4252916277A00F2CC56 /* weddingApp.swift */ = {isa = PBXFileReference; lastKnownFileType = sourcecode.swift; path = weddingApp.swift; sourceTree = "<group>"; };
		5733D4292916277C00F2CC56 /* Assets.xcassets */ = {isa = PBXFileReference; lastKnownFileType = folder.assetcatalog; path = Assets.xcassets; sourceTree = "<group>"; };
		5733D42C2916277C00F2CC56 /* Preview Assets.xcassets */ = {isa = PBXFileReference; lastKnownFileType = folder.assetcatalog; path = "Preview Assets.xcassets"; sourceTree = "<group>"; };
		5733D43929162AF500F2CC56 /* CustomSceneView.swift */ = {isa = PBXFileReference; lastKnownFileType = sourcecode.swift; path = CustomSceneView.swift; sourceTree = "<group>"; };
		5734F175291BBBE50009C462 /* LoginView.swift */ = {isa = PBXFileReference; lastKnownFileType = sourcecode.swift; path = LoginView.swift; sourceTree = "<group>"; };
		5734F177291BBC720009C462 /* DetailsView.swift */ = {isa = PBXFileReference; lastKnownFileType = sourcecode.swift; path = DetailsView.swift; sourceTree = "<group>"; };
		576BB8D0292297B600B6E3A3 /* SettingsView.swift */ = {isa = PBXFileReference; lastKnownFileType = sourcecode.swift; path = SettingsView.swift; sourceTree = "<group>"; };
		578EEDC82928AAA400A16331 /* PrimaryNavigationView.swift */ = {isa = PBXFileReference; lastKnownFileType = sourcecode.swift; path = PrimaryNavigationView.swift; sourceTree = "<group>"; };
		5B30177D2938F9A800715924 /* AnimatedSplashScreen.swift */ = {isa = PBXFileReference; fileEncoding = 4; lastKnownFileType = sourcecode.swift; path = AnimatedSplashScreen.swift; sourceTree = "<group>"; };
		5B3017802938F9E900715924 /* ContentView.swift */ = {isa = PBXFileReference; fileEncoding = 4; lastKnownFileType = sourcecode.swift; path = ContentView.swift; sourceTree = "<group>"; };
		5B3017822938FA1000715924 /* Extensions.swift */ = {isa = PBXFileReference; fileEncoding = 4; lastKnownFileType = sourcecode.swift; path = Extensions.swift; sourceTree = "<group>"; };
		5B7884462918FB0B00CB53B7 /* weddingappicon.png */ = {isa = PBXFileReference; lastKnownFileType = image.png; path = weddingappicon.png; sourceTree = "<group>"; };
		5BB0AD98293FA10A00FC146C /* AppSidebarNavigation.swift */ = {isa = PBXFileReference; fileEncoding = 4; lastKnownFileType = sourcecode.swift; path = AppSidebarNavigation.swift; sourceTree = "<group>"; };
		5BB0AD9A293FA12200FC146C /* NavigationView.swift */ = {isa = PBXFileReference; fileEncoding = 4; lastKnownFileType = sourcecode.swift; path = NavigationView.swift; sourceTree = "<group>"; };
		5BB0ADA1293FABCD00FC146C /* RSVPview.swift */ = {isa = PBXFileReference; lastKnownFileType = sourcecode.swift; path = RSVPview.swift; sourceTree = "<group>"; };
		5BB9BD44293B8DC300818C58 /* Info.plist */ = {isa = PBXFileReference; lastKnownFileType = text.plist; path = Info.plist; sourceTree = "<group>"; };
		5BB9BD46293BE29500818C58 /* Gistesy.ttf */ = {isa = PBXFileReference; lastKnownFileType = file; path = Gistesy.ttf; sourceTree = "<group>"; };
		5BF3CD4E2940C0A4003A801C /* CustomTabBar.swift */ = {isa = PBXFileReference; lastKnownFileType = sourcecode.swift; path = CustomTabBar.swift; sourceTree = "<group>"; };
		5BF3CD552940C720003A801C /* RootView.swift */ = {isa = PBXFileReference; lastKnownFileType = sourcecode.swift; path = RootView.swift; sourceTree = "<group>"; };
		974A05C22932BD440040785A /* Wedding_Ring.scn */ = {isa = PBXFileReference; lastKnownFileType = file.bplist; name = Wedding_Ring.scn; path = ../../3DSourceFiles/expensiveModels/2_SCN/Wedding_Ring.scn; sourceTree = "<group>"; };
		974A05C62932BD450040785A /* Engagement_Ring.scn */ = {isa = PBXFileReference; lastKnownFileType = file.bplist; name = Engagement_Ring.scn; path = ../../3DSourceFiles/expensiveModels/2_SCN/Engagement_Ring.scn; sourceTree = "<group>"; };
		974A05D12932BEB50040785A /* Engagement_Ring_View.swift */ = {isa = PBXFileReference; lastKnownFileType = sourcecode.swift; path = Engagement_Ring_View.swift; sourceTree = "<group>"; };
		974A05D32932BF540040785A /* Wedding_Ring_View.swift */ = {isa = PBXFileReference; lastKnownFileType = sourcecode.swift; path = Wedding_Ring_View.swift; sourceTree = "<group>"; };
		9768DC1C29335D0500CB9E7D /* PhotoView.swift */ = {isa = PBXFileReference; lastKnownFileType = sourcecode.swift; path = PhotoView.swift; sourceTree = "<group>"; };
/* End PBXFileReference section */

/* Begin PBXFrameworksBuildPhase section */
		5733D41F2916277A00F2CC56 /* Frameworks */ = {
			isa = PBXFrameworksBuildPhase;
			buildActionMask = 2147483647;
			files = (
			);
			runOnlyForDeploymentPostprocessing = 0;
		};
/* End PBXFrameworksBuildPhase section */

/* Begin PBXGroup section */
		5733D4192916277A00F2CC56 = {
			isa = PBXGroup;
			children = (
				974A05C02932BD0C0040785A /* Scenes */,
				5B7884462918FB0B00CB53B7 /* weddingappicon.png */,
				5BF3CD502940C5F3003A801C /* View */,
				5733D4242916277A00F2CC56 /* wedding */,
				5733D4232916277A00F2CC56 /* Products */,
			);
			sourceTree = "<group>";
		};
		5733D4232916277A00F2CC56 /* Products */ = {
			isa = PBXGroup;
			children = (
				5733D4222916277A00F2CC56 /* wedding.app */,
			);
			name = Products;
			sourceTree = "<group>";
		};
		5733D4242916277A00F2CC56 /* wedding */ = {
			isa = PBXGroup;
			children = (
				5BB9BD45293BE22000818C58 /* Fonts */,
				5BB9BD44293B8DC300818C58 /* Info.plist */,
				5733D4252916277A00F2CC56 /* weddingApp.swift */,
				5BB0AD97293FA00300FC146C /* Navigation */,
				5B30177F2938F9B900715924 /* openingAnimation */,
				9768DC1E2933613000CB9E7D /* ImageViewer */,
				5BB0AD9C293FA1F400FC146C /* RSVP Page */,
				576BB8D929229A9200B6E3A3 /* Settings */,
				576BB8D829229A7C00B6E3A3 /* Home */,
				576BB8D729229A7100B6E3A3 /* Login */,
				576BB8D22922983D00B6E3A3 /* RingViews */,
				5733D4292916277C00F2CC56 /* Assets.xcassets */,
				5733D42B2916277C00F2CC56 /* Preview Content */,
			);
			path = wedding;
			sourceTree = "<group>";
		};
		5733D42B2916277C00F2CC56 /* Preview Content */ = {
			isa = PBXGroup;
			children = (
				5733D42C2916277C00F2CC56 /* Preview Assets.xcassets */,
			);
			path = "Preview Content";
			sourceTree = "<group>";
		};
		576BB8D22922983D00B6E3A3 /* RingViews */ = {
			isa = PBXGroup;
			children = (
				5733D43929162AF500F2CC56 /* CustomSceneView.swift */,
				974A05D12932BEB50040785A /* Engagement_Ring_View.swift */,
				974A05D32932BF540040785A /* Wedding_Ring_View.swift */,
			);
			path = RingViews;
			sourceTree = "<group>";
		};
		576BB8D729229A7100B6E3A3 /* Login */ = {
			isa = PBXGroup;
			children = (
				5734F175291BBBE50009C462 /* LoginView.swift */,
			);
			path = Login;
			sourceTree = "<group>";
		};
		576BB8D829229A7C00B6E3A3 /* Home */ = {
			isa = PBXGroup;
			children = (
				5734F177291BBC720009C462 /* DetailsView.swift */,
				578EEDC82928AAA400A16331 /* PrimaryNavigationView.swift */,
			);
			path = Home;
			sourceTree = "<group>";
		};
		576BB8D929229A9200B6E3A3 /* Settings */ = {
			isa = PBXGroup;
			children = (
				576BB8D0292297B600B6E3A3 /* SettingsView.swift */,
			);
			path = Settings;
			sourceTree = "<group>";
		};
		5B30177F2938F9B900715924 /* openingAnimation */ = {
			isa = PBXGroup;
			children = (
				5B3017822938FA1000715924 /* Extensions.swift */,
				5B3017802938F9E900715924 /* ContentView.swift */,
				5B30177D2938F9A800715924 /* AnimatedSplashScreen.swift */,
			);
			path = openingAnimation;
			sourceTree = "<group>";
		};
		5BB0AD97293FA00300FC146C /* Navigation */ = {
			isa = PBXGroup;
			children = (
				5BB0AD98293FA10A00FC146C /* AppSidebarNavigation.swift */,
				5BB0AD9A293FA12200FC146C /* NavigationView.swift */,
			);
			path = Navigation;
			sourceTree = "<group>";
		};
		5BB0AD9C293FA1F400FC146C /* RSVP Page */ = {
			isa = PBXGroup;
			children = (
				5BB0ADA1293FABCD00FC146C /* RSVPview.swift */,
			);
			path = "RSVP Page";
			sourceTree = "<group>";
		};
		5BB9BD45293BE22000818C58 /* Fonts */ = {
			isa = PBXGroup;
			children = (
				5BB9BD46293BE29500818C58 /* Gistesy.ttf */,
			);
			path = Fonts;
			sourceTree = "<group>";
		};
		5BF3CD4D2940BFEE003A801C /* Custom tab bar */ = {
			isa = PBXGroup;
			children = (
				5BF3CD4E2940C0A4003A801C /* CustomTabBar.swift */,
			);
			path = "Custom tab bar";
			sourceTree = "<group>";
		};
		5BF3CD502940C5F3003A801C /* View */ = {
			isa = PBXGroup;
			children = (
				5BF3CD552940C720003A801C /* RootView.swift */,
				5BF3CD4D2940BFEE003A801C /* Custom tab bar */,
			);
			path = View;
			sourceTree = "<group>";
		};
		974A05C02932BD0C0040785A /* Scenes */ = {
			isa = PBXGroup;
			children = (
				974A05C62932BD450040785A /* Engagement_Ring.scn */,
				974A05C22932BD440040785A /* Wedding_Ring.scn */,
			);
			path = Scenes;
			sourceTree = "<group>";
		};
		9768DC1E2933613000CB9E7D /* ImageViewer */ = {
			isa = PBXGroup;
			children = (
				9768DC1C29335D0500CB9E7D /* PhotoView.swift */,
			);
			path = ImageViewer;
			sourceTree = "<group>";
		};
/* End PBXGroup section */

/* Begin PBXNativeTarget section */
		5733D4212916277A00F2CC56 /* wedding */ = {
			isa = PBXNativeTarget;
			buildConfigurationList = 5733D4302916277C00F2CC56 /* Build configuration list for PBXNativeTarget "wedding" */;
			buildPhases = (
				5733D41E2916277A00F2CC56 /* Sources */,
				5733D41F2916277A00F2CC56 /* Frameworks */,
				5733D4202916277A00F2CC56 /* Resources */,
			);
			buildRules = (
			);
			dependencies = (
			);
			name = wedding;
			productName = wedding;
			productReference = 5733D4222916277A00F2CC56 /* wedding.app */;
			productType = "com.apple.product-type.application";
		};
/* End PBXNativeTarget section */

/* Begin PBXProject section */
		5733D41A2916277A00F2CC56 /* Project object */ = {
			isa = PBXProject;
			attributes = {
				BuildIndependentTargetsInParallel = 1;
				LastSwiftUpdateCheck = 1410;
				LastUpgradeCheck = 1410;
				TargetAttributes = {
					5733D4212916277A00F2CC56 = {
						CreatedOnToolsVersion = 14.1;
					};
				};
			};
			buildConfigurationList = 5733D41D2916277A00F2CC56 /* Build configuration list for PBXProject "wedding" */;
			compatibilityVersion = "Xcode 14.0";
			developmentRegion = en;
			hasScannedForEncodings = 0;
			knownRegions = (
				en,
				Base,
			);
			mainGroup = 5733D4192916277A00F2CC56;
			productRefGroup = 5733D4232916277A00F2CC56 /* Products */;
			projectDirPath = "";
			projectRoot = "";
			targets = (
				5733D4212916277A00F2CC56 /* wedding */,
			);
		};
/* End PBXProject section */

/* Begin PBXResourcesBuildPhase section */
		5733D4202916277A00F2CC56 /* Resources */ = {
			isa = PBXResourcesBuildPhase;
			buildActionMask = 2147483647;
			files = (
				974A05CA2932BD450040785A /* Wedding_Ring.scn in Resources */,
				5733D42D2916277C00F2CC56 /* Preview Assets.xcassets in Resources */,
				974A05CE2932BD450040785A /* Engagement_Ring.scn in Resources */,
				5BB9BD47293BE29500818C58 /* Gistesy.ttf in Resources */,
				5733D42A2916277C00F2CC56 /* Assets.xcassets in Resources */,
				5B7884472918FB0B00CB53B7 /* weddingappicon.png in Resources */,
			);
			runOnlyForDeploymentPostprocessing = 0;
		};
/* End PBXResourcesBuildPhase section */

/* Begin PBXSourcesBuildPhase section */
		5733D41E2916277A00F2CC56 /* Sources */ = {
			isa = PBXSourcesBuildPhase;
			buildActionMask = 2147483647;
			files = (
				974A05D42932BF540040785A /* Wedding_Ring_View.swift in Sources */,
				5B3017812938F9E900715924 /* ContentView.swift in Sources */,
				5BB0AD9B293FA12200FC146C /* NavigationView.swift in Sources */,
				5BF3CD562940C720003A801C /* RootView.swift in Sources */,
				5B30177E2938F9A800715924 /* AnimatedSplashScreen.swift in Sources */,
				5BF3CD4F2940C0A4003A801C /* CustomTabBar.swift in Sources */,
				578EEDC92928AAA400A16331 /* PrimaryNavigationView.swift in Sources */,
				5734F176291BBBE50009C462 /* LoginView.swift in Sources */,
				9768DC1D29335D0500CB9E7D /* PhotoView.swift in Sources */,
				576BB8D1292297B600B6E3A3 /* SettingsView.swift in Sources */,
				5BB0AD99293FA10A00FC146C /* AppSidebarNavigation.swift in Sources */,
				5B3017832938FA1000715924 /* Extensions.swift in Sources */,
				5733D43A29162AF500F2CC56 /* CustomSceneView.swift in Sources */,
				5733D4262916277A00F2CC56 /* weddingApp.swift in Sources */,
				5734F178291BBC720009C462 /* DetailsView.swift in Sources */,
				974A05D22932BEB50040785A /* Engagement_Ring_View.swift in Sources */,
				5BB0ADA2293FABCD00FC146C /* RSVPview.swift in Sources */,
			);
			runOnlyForDeploymentPostprocessing = 0;
		};
/* End PBXSourcesBuildPhase section */

/* Begin XCBuildConfiguration section */
		5733D42E2916277C00F2CC56 /* Debug */ = {
			isa = XCBuildConfiguration;
			buildSettings = {
				ALWAYS_SEARCH_USER_PATHS = NO;
				CLANG_ANALYZER_NONNULL = YES;
				CLANG_ANALYZER_NUMBER_OBJECT_CONVERSION = YES_AGGRESSIVE;
				CLANG_CXX_LANGUAGE_STANDARD = "gnu++20";
				CLANG_ENABLE_MODULES = YES;
				CLANG_ENABLE_OBJC_ARC = YES;
				CLANG_ENABLE_OBJC_WEAK = YES;
				CLANG_WARN_BLOCK_CAPTURE_AUTORELEASING = YES;
				CLANG_WARN_BOOL_CONVERSION = YES;
				CLANG_WARN_COMMA = YES;
				CLANG_WARN_CONSTANT_CONVERSION = YES;
				CLANG_WARN_DEPRECATED_OBJC_IMPLEMENTATIONS = YES;
				CLANG_WARN_DIRECT_OBJC_ISA_USAGE = YES_ERROR;
				CLANG_WARN_DOCUMENTATION_COMMENTS = YES;
				CLANG_WARN_EMPTY_BODY = YES;
				CLANG_WARN_ENUM_CONVERSION = YES;
				CLANG_WARN_INFINITE_RECURSION = YES;
				CLANG_WARN_INT_CONVERSION = YES;
				CLANG_WARN_NON_LITERAL_NULL_CONVERSION = YES;
				CLANG_WARN_OBJC_IMPLICIT_RETAIN_SELF = YES;
				CLANG_WARN_OBJC_LITERAL_CONVERSION = YES;
				CLANG_WARN_OBJC_ROOT_CLASS = YES_ERROR;
				CLANG_WARN_QUOTED_INCLUDE_IN_FRAMEWORK_HEADER = YES;
				CLANG_WARN_RANGE_LOOP_ANALYSIS = YES;
				CLANG_WARN_STRICT_PROTOTYPES = YES;
				CLANG_WARN_SUSPICIOUS_MOVE = YES;
				CLANG_WARN_UNGUARDED_AVAILABILITY = YES_AGGRESSIVE;
				CLANG_WARN_UNREACHABLE_CODE = YES;
				CLANG_WARN__DUPLICATE_METHOD_MATCH = YES;
				COPY_PHASE_STRIP = NO;
				DEBUG_INFORMATION_FORMAT = dwarf;
				ENABLE_STRICT_OBJC_MSGSEND = YES;
				ENABLE_TESTABILITY = YES;
				GCC_C_LANGUAGE_STANDARD = gnu11;
				GCC_DYNAMIC_NO_PIC = NO;
				GCC_NO_COMMON_BLOCKS = YES;
				GCC_OPTIMIZATION_LEVEL = 0;
				GCC_PREPROCESSOR_DEFINITIONS = (
					"DEBUG=1",
					"$(inherited)",
				);
				GCC_WARN_64_TO_32_BIT_CONVERSION = YES;
				GCC_WARN_ABOUT_RETURN_TYPE = YES_ERROR;
				GCC_WARN_UNDECLARED_SELECTOR = YES;
				GCC_WARN_UNINITIALIZED_AUTOS = YES_AGGRESSIVE;
				GCC_WARN_UNUSED_FUNCTION = YES;
				GCC_WARN_UNUSED_VARIABLE = YES;
				IPHONEOS_DEPLOYMENT_TARGET = 16.1;
				MTL_ENABLE_DEBUG_INFO = INCLUDE_SOURCE;
				MTL_FAST_MATH = YES;
				ONLY_ACTIVE_ARCH = YES;
				SDKROOT = iphoneos;
				SWIFT_ACTIVE_COMPILATION_CONDITIONS = DEBUG;
				SWIFT_OPTIMIZATION_LEVEL = "-Onone";
			};
			name = Debug;
		};
		5733D42F2916277C00F2CC56 /* Release */ = {
			isa = XCBuildConfiguration;
			buildSettings = {
				ALWAYS_SEARCH_USER_PATHS = NO;
				CLANG_ANALYZER_NONNULL = YES;
				CLANG_ANALYZER_NUMBER_OBJECT_CONVERSION = YES_AGGRESSIVE;
				CLANG_CXX_LANGUAGE_STANDARD = "gnu++20";
				CLANG_ENABLE_MODULES = YES;
				CLANG_ENABLE_OBJC_ARC = YES;
				CLANG_ENABLE_OBJC_WEAK = YES;
				CLANG_WARN_BLOCK_CAPTURE_AUTORELEASING = YES;
				CLANG_WARN_BOOL_CONVERSION = YES;
				CLANG_WARN_COMMA = YES;
				CLANG_WARN_CONSTANT_CONVERSION = YES;
				CLANG_WARN_DEPRECATED_OBJC_IMPLEMENTATIONS = YES;
				CLANG_WARN_DIRECT_OBJC_ISA_USAGE = YES_ERROR;
				CLANG_WARN_DOCUMENTATION_COMMENTS = YES;
				CLANG_WARN_EMPTY_BODY = YES;
				CLANG_WARN_ENUM_CONVERSION = YES;
				CLANG_WARN_INFINITE_RECURSION = YES;
				CLANG_WARN_INT_CONVERSION = YES;
				CLANG_WARN_NON_LITERAL_NULL_CONVERSION = YES;
				CLANG_WARN_OBJC_IMPLICIT_RETAIN_SELF = YES;
				CLANG_WARN_OBJC_LITERAL_CONVERSION = YES;
				CLANG_WARN_OBJC_ROOT_CLASS = YES_ERROR;
				CLANG_WARN_QUOTED_INCLUDE_IN_FRAMEWORK_HEADER = YES;
				CLANG_WARN_RANGE_LOOP_ANALYSIS = YES;
				CLANG_WARN_STRICT_PROTOTYPES = YES;
				CLANG_WARN_SUSPICIOUS_MOVE = YES;
				CLANG_WARN_UNGUARDED_AVAILABILITY = YES_AGGRESSIVE;
				CLANG_WARN_UNREACHABLE_CODE = YES;
				CLANG_WARN__DUPLICATE_METHOD_MATCH = YES;
				COPY_PHASE_STRIP = NO;
				DEBUG_INFORMATION_FORMAT = "dwarf-with-dsym";
				ENABLE_NS_ASSERTIONS = NO;
				ENABLE_STRICT_OBJC_MSGSEND = YES;
				GCC_C_LANGUAGE_STANDARD = gnu11;
				GCC_NO_COMMON_BLOCKS = YES;
				GCC_WARN_64_TO_32_BIT_CONVERSION = YES;
				GCC_WARN_ABOUT_RETURN_TYPE = YES_ERROR;
				GCC_WARN_UNDECLARED_SELECTOR = YES;
				GCC_WARN_UNINITIALIZED_AUTOS = YES_AGGRESSIVE;
				GCC_WARN_UNUSED_FUNCTION = YES;
				GCC_WARN_UNUSED_VARIABLE = YES;
				IPHONEOS_DEPLOYMENT_TARGET = 16.1;
				MTL_ENABLE_DEBUG_INFO = NO;
				MTL_FAST_MATH = YES;
				SDKROOT = iphoneos;
				SWIFT_COMPILATION_MODE = wholemodule;
				SWIFT_OPTIMIZATION_LEVEL = "-O";
				VALIDATE_PRODUCT = YES;
			};
			name = Release;
		};
		5733D4312916277C00F2CC56 /* Debug */ = {
			isa = XCBuildConfiguration;
			buildSettings = {
				ASSETCATALOG_COMPILER_APPICON_NAME = AppIcon;
				ASSETCATALOG_COMPILER_GLOBAL_ACCENT_COLOR_NAME = AccentColor;
				CODE_SIGN_STYLE = Automatic;
				CURRENT_PROJECT_VERSION = 1;
				DEVELOPMENT_ASSET_PATHS = "\"wedding/Preview Content\"";
				DEVELOPMENT_TEAM = 4C4FN7PLAL;
				ENABLE_PREVIEWS = YES;
				GENERATE_INFOPLIST_FILE = YES;
				INFOPLIST_FILE = wedding/Info.plist;
				INFOPLIST_KEY_UIApplicationSceneManifest_Generation = YES;
				INFOPLIST_KEY_UIApplicationSupportsIndirectInputEvents = YES;
				INFOPLIST_KEY_UILaunchScreen_Generation = YES;
				INFOPLIST_KEY_UISupportedInterfaceOrientations_iPad = "UIInterfaceOrientationPortrait UIInterfaceOrientationPortraitUpsideDown UIInterfaceOrientationLandscapeLeft UIInterfaceOrientationLandscapeRight";
				INFOPLIST_KEY_UISupportedInterfaceOrientations_iPhone = "UIInterfaceOrientationPortrait UIInterfaceOrientationLandscapeLeft UIInterfaceOrientationLandscapeRight";
				IPHONEOS_DEPLOYMENT_TARGET = 15.6;
				LD_RUNPATH_SEARCH_PATHS = (
					"$(inherited)",
					"@executable_path/Frameworks",
				);
				MARKETING_VERSION = 1.0;
				PRODUCT_BUNDLE_IDENTIFIER = com.schdom.wedding;
				PRODUCT_NAME = "$(TARGET_NAME)";
				SWIFT_EMIT_LOC_STRINGS = YES;
				SWIFT_VERSION = 5.0;
				TARGETED_DEVICE_FAMILY = "1,2";
			};
			name = Debug;
		};
		5733D4322916277C00F2CC56 /* Release */ = {
			isa = XCBuildConfiguration;
			buildSettings = {
				ASSETCATALOG_COMPILER_APPICON_NAME = AppIcon;
				ASSETCATALOG_COMPILER_GLOBAL_ACCENT_COLOR_NAME = AccentColor;
				CODE_SIGN_STYLE = Automatic;
				CURRENT_PROJECT_VERSION = 1;
				DEVELOPMENT_ASSET_PATHS = "\"wedding/Preview Content\"";
				DEVELOPMENT_TEAM = 4C4FN7PLAL;
				ENABLE_PREVIEWS = YES;
				GENERATE_INFOPLIST_FILE = YES;
				INFOPLIST_FILE = wedding/Info.plist;
				INFOPLIST_KEY_UIApplicationSceneManifest_Generation = YES;
				INFOPLIST_KEY_UIApplicationSupportsIndirectInputEvents = YES;
				INFOPLIST_KEY_UILaunchScreen_Generation = YES;
				INFOPLIST_KEY_UISupportedInterfaceOrientations_iPad = "UIInterfaceOrientationPortrait UIInterfaceOrientationPortraitUpsideDown UIInterfaceOrientationLandscapeLeft UIInterfaceOrientationLandscapeRight";
				INFOPLIST_KEY_UISupportedInterfaceOrientations_iPhone = "UIInterfaceOrientationPortrait UIInterfaceOrientationLandscapeLeft UIInterfaceOrientationLandscapeRight";
				IPHONEOS_DEPLOYMENT_TARGET = 15.6;
				LD_RUNPATH_SEARCH_PATHS = (
					"$(inherited)",
					"@executable_path/Frameworks",
				);
				MARKETING_VERSION = 1.0;
				PRODUCT_BUNDLE_IDENTIFIER = com.schdom.wedding;
				PRODUCT_NAME = "$(TARGET_NAME)";
				SWIFT_EMIT_LOC_STRINGS = YES;
				SWIFT_VERSION = 5.0;
				TARGETED_DEVICE_FAMILY = "1,2";
			};
			name = Release;
		};
/* End XCBuildConfiguration section */

/* Begin XCConfigurationList section */
		5733D41D2916277A00F2CC56 /* Build configuration list for PBXProject "wedding" */ = {
			isa = XCConfigurationList;
			buildConfigurations = (
				5733D42E2916277C00F2CC56 /* Debug */,
				5733D42F2916277C00F2CC56 /* Release */,
			);
			defaultConfigurationIsVisible = 0;
			defaultConfigurationName = Release;
		};
		5733D4302916277C00F2CC56 /* Build configuration list for PBXNativeTarget "wedding" */ = {
			isa = XCConfigurationList;
			buildConfigurations = (
				5733D4312916277C00F2CC56 /* Debug */,
				5733D4322916277C00F2CC56 /* Release */,
			);
			defaultConfigurationIsVisible = 0;
			defaultConfigurationName = Release;
		};
/* End XCConfigurationList section */
	};
	rootObject = 5733D41A2916277A00F2CC56 /* Project object */;
}
